
Microsoft Visual Studio Solution File, Format Version 12.00
# Visual Studio 15
VisualStudioVersion = 15.0.28307.1145
MinimumVisualStudioVersion = 10.0.40219.1
Project("{FAE04EC0-301F-11D3-BF4B-00C04F79EFBC}") = "TYControls", "TYControls\TYControls.csproj", "{DC2E5EF2-D77F-44E9-AF51-8BF064C13E5C}"
EndProject
Project("{FAE04EC0-301F-11D3-BF4B-00C04F79EFBC}") = "TYWIndow.Demo", "TYWIndow.Demo\TYWIndow.Demo.csproj", "{79A9B62F-3BC6-462A-BB5A-16F7C15CCD85}"
EndProject
Global
	GlobalSection(SolutionConfigurationPlatforms) = preSolution
		Debug|Any CPU = Debug|Any CPU
		Release|Any CPU = Release|Any CPU
	EndGlobalSection
	GlobalSection(ProjectConfigurationPlatforms) = postSolution
		{DC2E5EF2-D77F-44E9-AF51-8BF064C13E5C}.Debug|Any CPU.ActiveCfg = Debug|Any CPU
		{DC2E5EF2-D77F-44E9-AF51-8BF064C13E5C}.Debug|Any CPU.Build.0 = Debug|Any CPU
		{DC2E5EF2-D77F-44E9-AF51-8BF064C13E5C}.Release|Any CPU.ActiveCfg = Release|Any CPU
		{DC2E5EF2-D77F-44E9-AF51-8BF064C13E5C}.Release|Any CPU.Build.0 = Release|Any CPU
		{79A9B62F-3BC6-462A-BB5A-16F7C15CCD85}.Debug|Any CPU.ActiveCfg = Debug|Any CPU
		{79A9B62F-3BC6-462A-BB5A-16F7C15CCD85}.Debug|Any CPU.Build.0 = Debug|Any CPU
		{79A9B62F-3BC6-462A-BB5A-16F7C15CCD85}.Release|Any CPU.ActiveCfg = Release|Any CPU
		{79A9B62F-3BC6-462A-BB5A-16F7C15CCD85}.Release|Any CPU.Build.0 = Release|Any CPU
	EndGlobalSection
	GlobalSection(SolutionProperties) = preSolution
		HideSolutionNode = FALSE
	EndGlobalSection
	GlobalSection(ExtensibilityGlobals) = postSolution
		SolutionGuid = {5500927B-513D-40FB-806E-49891D96DD87}
	EndGlobalSection
EndGlobal
